
Microsoft Visual Studio Solution File, Format Version 12.00
# Visual Studio 15
VisualStudioVersion = 15.0.28307.1000
MinimumVisualStudioVersion = 10.0.40219.1
Project("{FAE04EC0-301F-11D3-BF4B-00C04F79EFBC}") = "Escopo_ini_variavel", "Escopo_ini_variavel\Escopo_ini_variavel.csproj", "{EEBE7EEE-9AB0-47F5-B383-AB818D94D5DE}"
EndProject
Global
	GlobalSection(SolutionConfigurationPlatforms) = preSolution
		Debug|Any CPU = Debug|Any CPU
		Release|Any CPU = Release|Any CPU
	EndGlobalSection
	GlobalSection(ProjectConfigurationPlatforms) = postSolution
		{EEBE7EEE-9AB0-47F5-B383-AB818D94D5DE}.Debug|Any CPU.ActiveCfg = Debug|Any CPU
		{EEBE7EEE-9AB0-47F5-B383-AB818D94D5DE}.Debug|Any CPU.Build.0 = Debug|Any CPU
		{EEBE7EEE-9AB0-47F5-B383-AB818D94D5DE}.Release|Any CPU.ActiveCfg = Release|Any CPU
		{EEBE7EEE-9AB0-47F5-B383-AB818D94D5DE}.Release|Any CPU.Build.0 = Release|Any CPU
	EndGlobalSection
	GlobalSection(SolutionProperties) = preSolution
		HideSolutionNode = FALSE
	EndGlobalSection
	GlobalSection(ExtensibilityGlobals) = postSolution
		SolutionGuid = {E22617B9-7E23-4AAD-BFC5-0189B250A36A}
	EndGlobalSection
EndGlobal
