
Microsoft Visual Studio Solution File, Format Version 12.00
# Visual Studio 15
VisualStudioVersion = 15.0.28307.1525
MinimumVisualStudioVersion = 10.0.40219.1
Project("{FAE04EC0-301F-11D3-BF4B-00C04F79EFBC}") = "ExercFixacaoEnumeracaoComposicao", "ExercFixacaoEnumeracaoComposicao\ExercFixacaoEnumeracaoComposicao.csproj", "{D8C6B337-691A-44DD-87D2-4A2B7E518EE4}"
EndProject
Global
	GlobalSection(SolutionConfigurationPlatforms) = preSolution
		Debug|Any CPU = Debug|Any CPU
		Release|Any CPU = Release|Any CPU
	EndGlobalSection
	GlobalSection(ProjectConfigurationPlatforms) = postSolution
		{D8C6B337-691A-44DD-87D2-4A2B7E518EE4}.Debug|Any CPU.ActiveCfg = Debug|Any CPU
		{D8C6B337-691A-44DD-87D2-4A2B7E518EE4}.Debug|Any CPU.Build.0 = Debug|Any CPU
		{D8C6B337-691A-44DD-87D2-4A2B7E518EE4}.Release|Any CPU.ActiveCfg = Release|Any CPU
		{D8C6B337-691A-44DD-87D2-4A2B7E518EE4}.Release|Any CPU.Build.0 = Release|Any CPU
	EndGlobalSection
	GlobalSection(SolutionProperties) = preSolution
		HideSolutionNode = FALSE
	EndGlobalSection
	GlobalSection(ExtensibilityGlobals) = postSolution
		SolutionGuid = {ACDFB481-43F0-441D-B63B-19C480856B45}
	EndGlobalSection
EndGlobal
