
Microsoft Visual Studio Solution File, Format Version 12.00
# Visual Studio 15
VisualStudioVersion = 15.0.28307.1525
MinimumVisualStudioVersion = 10.0.40219.1
Project("{FAE04EC0-301F-11D3-BF4B-00C04F79EFBC}") = "ModificParamsRefOut", "ModificParamsRefOut\ModificParamsRefOut.csproj", "{7193582B-8B16-4B6C-A707-AFDEA5CEEAB0}"
EndProject
Global
	GlobalSection(SolutionConfigurationPlatforms) = preSolution
		Debug|Any CPU = Debug|Any CPU
		Release|Any CPU = Release|Any CPU
	EndGlobalSection
	GlobalSection(ProjectConfigurationPlatforms) = postSolution
		{7193582B-8B16-4B6C-A707-AFDEA5CEEAB0}.Debug|Any CPU.ActiveCfg = Debug|Any CPU
		{7193582B-8B16-4B6C-A707-AFDEA5CEEAB0}.Debug|Any CPU.Build.0 = Debug|Any CPU
		{7193582B-8B16-4B6C-A707-AFDEA5CEEAB0}.Release|Any CPU.ActiveCfg = Release|Any CPU
		{7193582B-8B16-4B6C-A707-AFDEA5CEEAB0}.Release|Any CPU.Build.0 = Release|Any CPU
	EndGlobalSection
	GlobalSection(SolutionProperties) = preSolution
		HideSolutionNode = FALSE
	EndGlobalSection
	GlobalSection(ExtensibilityGlobals) = postSolution
		SolutionGuid = {F14E5260-C35D-4030-AFDB-7BF56E58C10E}
	EndGlobalSection
EndGlobal
