
Microsoft Visual Studio Solution File, Format Version 12.00
# Visual Studio 15
VisualStudioVersion = 15.0.28307.1525
MinimumVisualStudioVersion = 10.0.40219.1
Project("{FAE04EC0-301F-11D3-BF4B-00C04F79EFBC}") = "LacoForEach", "LacoForEach\LacoForEach.csproj", "{5858FFBE-18BA-4B84-9966-51BE223DAC7C}"
EndProject
Global
	GlobalSection(SolutionConfigurationPlatforms) = preSolution
		Debug|Any CPU = Debug|Any CPU
		Release|Any CPU = Release|Any CPU
	EndGlobalSection
	GlobalSection(ProjectConfigurationPlatforms) = postSolution
		{5858FFBE-18BA-4B84-9966-51BE223DAC7C}.Debug|Any CPU.ActiveCfg = Debug|Any CPU
		{5858FFBE-18BA-4B84-9966-51BE223DAC7C}.Debug|Any CPU.Build.0 = Debug|Any CPU
		{5858FFBE-18BA-4B84-9966-51BE223DAC7C}.Release|Any CPU.ActiveCfg = Release|Any CPU
		{5858FFBE-18BA-4B84-9966-51BE223DAC7C}.Release|Any CPU.Build.0 = Release|Any CPU
	EndGlobalSection
	GlobalSection(SolutionProperties) = preSolution
		HideSolutionNode = FALSE
	EndGlobalSection
	GlobalSection(ExtensibilityGlobals) = postSolution
		SolutionGuid = {599DAC10-E4EE-4AB4-B5F8-6CCCB7A6E80A}
	EndGlobalSection
EndGlobal
