
Microsoft Visual Studio Solution File, Format Version 12.00
# Visual Studio 15
VisualStudioVersion = 15.0.28307.1525
MinimumVisualStudioVersion = 10.0.40219.1
Project("{FAE04EC0-301F-11D3-BF4B-00C04F79EFBC}") = "ExercAluno", "ExercAluno\ExercAluno.csproj", "{A486CE3A-1D10-4DBE-BDB5-5856ADF36A7F}"
EndProject
Global
	GlobalSection(SolutionConfigurationPlatforms) = preSolution
		Debug|Any CPU = Debug|Any CPU
		Release|Any CPU = Release|Any CPU
	EndGlobalSection
	GlobalSection(ProjectConfigurationPlatforms) = postSolution
		{A486CE3A-1D10-4DBE-BDB5-5856ADF36A7F}.Debug|Any CPU.ActiveCfg = Debug|Any CPU
		{A486CE3A-1D10-4DBE-BDB5-5856ADF36A7F}.Debug|Any CPU.Build.0 = Debug|Any CPU
		{A486CE3A-1D10-4DBE-BDB5-5856ADF36A7F}.Release|Any CPU.ActiveCfg = Release|Any CPU
		{A486CE3A-1D10-4DBE-BDB5-5856ADF36A7F}.Release|Any CPU.Build.0 = Release|Any CPU
	EndGlobalSection
	GlobalSection(SolutionProperties) = preSolution
		HideSolutionNode = FALSE
	EndGlobalSection
	GlobalSection(ExtensibilityGlobals) = postSolution
		SolutionGuid = {486F682E-A81E-467C-B4C7-EE8876FE608D}
	EndGlobalSection
EndGlobal
