
Microsoft Visual Studio Solution File, Format Version 12.00
# Visual Studio Version 17
VisualStudioVersion = 17.1.32210.238
MinimumVisualStudioVersion = 10.0.40219.1
Project("{FAE04EC0-301F-11D3-BF4B-00C04F79EFBC}") = "StreamWriter_", "StreamWriter\StreamWriter_.csproj", "{D3BA36C2-7172-4962-9AD7-229D2C3539EF}"
EndProject
Global
	GlobalSection(SolutionConfigurationPlatforms) = preSolution
		Debug|Any CPU = Debug|Any CPU
		Release|Any CPU = Release|Any CPU
	EndGlobalSection
	GlobalSection(ProjectConfigurationPlatforms) = postSolution
		{D3BA36C2-7172-4962-9AD7-229D2C3539EF}.Debug|Any CPU.ActiveCfg = Debug|Any CPU
		{D3BA36C2-7172-4962-9AD7-229D2C3539EF}.Debug|Any CPU.Build.0 = Debug|Any CPU
		{D3BA36C2-7172-4962-9AD7-229D2C3539EF}.Release|Any CPU.ActiveCfg = Release|Any CPU
		{D3BA36C2-7172-4962-9AD7-229D2C3539EF}.Release|Any CPU.Build.0 = Release|Any CPU
	EndGlobalSection
	GlobalSection(SolutionProperties) = preSolution
		HideSolutionNode = FALSE
	EndGlobalSection
	GlobalSection(ExtensibilityGlobals) = postSolution
		SolutionGuid = {6EFAB560-5ABF-4DA4-956B-68ABD51B2231}
	EndGlobalSection
EndGlobal
