
Microsoft Visual Studio Solution File, Format Version 12.00
# Visual Studio 15
VisualStudioVersion = 15.0.28307.1000
MinimumVisualStudioVersion = 10.0.40219.1
Project("{FAE04EC0-301F-11D3-BF4B-00C04F79EFBC}") = "ExercOrientacaoObj1", "ExercOrientacaoObj1\ExercOrientacaoObj1.csproj", "{CE77A92E-F073-4716-8EE7-B0751671A95C}"
EndProject
Global
	GlobalSection(SolutionConfigurationPlatforms) = preSolution
		Debug|Any CPU = Debug|Any CPU
		Release|Any CPU = Release|Any CPU
	EndGlobalSection
	GlobalSection(ProjectConfigurationPlatforms) = postSolution
		{CE77A92E-F073-4716-8EE7-B0751671A95C}.Debug|Any CPU.ActiveCfg = Debug|Any CPU
		{CE77A92E-F073-4716-8EE7-B0751671A95C}.Debug|Any CPU.Build.0 = Debug|Any CPU
		{CE77A92E-F073-4716-8EE7-B0751671A95C}.Release|Any CPU.ActiveCfg = Release|Any CPU
		{CE77A92E-F073-4716-8EE7-B0751671A95C}.Release|Any CPU.Build.0 = Release|Any CPU
	EndGlobalSection
	GlobalSection(SolutionProperties) = preSolution
		HideSolutionNode = FALSE
	EndGlobalSection
	GlobalSection(ExtensibilityGlobals) = postSolution
		SolutionGuid = {3CD8DC15-BB45-4B44-AC9E-06B1699DBF60}
	EndGlobalSection
EndGlobal
