
Microsoft Visual Studio Solution File, Format Version 12.00
# Visual Studio 15
VisualStudioVersion = 15.0.28307.1525
MinimumVisualStudioVersion = 10.0.40219.1
Project("{FAE04EC0-301F-11D3-BF4B-00C04F79EFBC}") = "ExercMembroEstatico", "ExercMembroEstatico\ExercMembroEstatico.csproj", "{13F51AD4-23B6-4381-8EBD-6E5919541915}"
EndProject
Global
	GlobalSection(SolutionConfigurationPlatforms) = preSolution
		Debug|Any CPU = Debug|Any CPU
		Release|Any CPU = Release|Any CPU
	EndGlobalSection
	GlobalSection(ProjectConfigurationPlatforms) = postSolution
		{13F51AD4-23B6-4381-8EBD-6E5919541915}.Debug|Any CPU.ActiveCfg = Debug|Any CPU
		{13F51AD4-23B6-4381-8EBD-6E5919541915}.Debug|Any CPU.Build.0 = Debug|Any CPU
		{13F51AD4-23B6-4381-8EBD-6E5919541915}.Release|Any CPU.ActiveCfg = Release|Any CPU
		{13F51AD4-23B6-4381-8EBD-6E5919541915}.Release|Any CPU.Build.0 = Release|Any CPU
	EndGlobalSection
	GlobalSection(SolutionProperties) = preSolution
		HideSolutionNode = FALSE
	EndGlobalSection
	GlobalSection(ExtensibilityGlobals) = postSolution
		SolutionGuid = {E7B5F39F-116F-4369-9435-0CFA34574150}
	EndGlobalSection
EndGlobal
