
Microsoft Visual Studio Solution File, Format Version 12.00
# Visual Studio 15
VisualStudioVersion = 15.0.28307.1000
MinimumVisualStudioVersion = 10.0.40219.1
Project("{FAE04EC0-301F-11D3-BF4B-00C04F79EFBC}") = "funcoes", "funcoes\funcoes.csproj", "{20EF3777-D9D9-437F-9404-5DAFAE1EE716}"
EndProject
Global
	GlobalSection(SolutionConfigurationPlatforms) = preSolution
		Debug|Any CPU = Debug|Any CPU
		Release|Any CPU = Release|Any CPU
	EndGlobalSection
	GlobalSection(ProjectConfigurationPlatforms) = postSolution
		{20EF3777-D9D9-437F-9404-5DAFAE1EE716}.Debug|Any CPU.ActiveCfg = Debug|Any CPU
		{20EF3777-D9D9-437F-9404-5DAFAE1EE716}.Debug|Any CPU.Build.0 = Debug|Any CPU
		{20EF3777-D9D9-437F-9404-5DAFAE1EE716}.Release|Any CPU.ActiveCfg = Release|Any CPU
		{20EF3777-D9D9-437F-9404-5DAFAE1EE716}.Release|Any CPU.Build.0 = Release|Any CPU
	EndGlobalSection
	GlobalSection(SolutionProperties) = preSolution
		HideSolutionNode = FALSE
	EndGlobalSection
	GlobalSection(ExtensibilityGlobals) = postSolution
		SolutionGuid = {E079DDF2-AC9A-4570-BAB9-69771F6B7B6D}
	EndGlobalSection
EndGlobal
