
Microsoft Visual Studio Solution File, Format Version 12.00
# Visual Studio 15
VisualStudioVersion = 15.0.28307.1525
MinimumVisualStudioVersion = 10.0.40219.1
Project("{FAE04EC0-301F-11D3-BF4B-00C04F79EFBC}") = "StrngBuilder", "StrngBuilder\StrngBuilder.csproj", "{594C99E6-48B2-4682-96AE-3E96F680FC11}"
EndProject
Global
	GlobalSection(SolutionConfigurationPlatforms) = preSolution
		Debug|Any CPU = Debug|Any CPU
		Release|Any CPU = Release|Any CPU
	EndGlobalSection
	GlobalSection(ProjectConfigurationPlatforms) = postSolution
		{594C99E6-48B2-4682-96AE-3E96F680FC11}.Debug|Any CPU.ActiveCfg = Debug|Any CPU
		{594C99E6-48B2-4682-96AE-3E96F680FC11}.Debug|Any CPU.Build.0 = Debug|Any CPU
		{594C99E6-48B2-4682-96AE-3E96F680FC11}.Release|Any CPU.ActiveCfg = Release|Any CPU
		{594C99E6-48B2-4682-96AE-3E96F680FC11}.Release|Any CPU.Build.0 = Release|Any CPU
	EndGlobalSection
	GlobalSection(SolutionProperties) = preSolution
		HideSolutionNode = FALSE
	EndGlobalSection
	GlobalSection(ExtensibilityGlobals) = postSolution
		SolutionGuid = {4E6258DF-CF76-4AE6-80C2-102925EA18A7}
	EndGlobalSection
EndGlobal
