
Microsoft Visual Studio Solution File, Format Version 12.00
# Visual Studio 15
VisualStudioVersion = 15.0.28307.1000
MinimumVisualStudioVersion = 10.0.40219.1
Project("{FAE04EC0-301F-11D3-BF4B-00C04F79EFBC}") = "Array_Classe", "Array_Classe\Array_Classe.csproj", "{F523108E-670D-4562-8092-8931C4671CD6}"
EndProject
Global
	GlobalSection(SolutionConfigurationPlatforms) = preSolution
		Debug|Any CPU = Debug|Any CPU
		Release|Any CPU = Release|Any CPU
	EndGlobalSection
	GlobalSection(ProjectConfigurationPlatforms) = postSolution
		{F523108E-670D-4562-8092-8931C4671CD6}.Debug|Any CPU.ActiveCfg = Debug|Any CPU
		{F523108E-670D-4562-8092-8931C4671CD6}.Debug|Any CPU.Build.0 = Debug|Any CPU
		{F523108E-670D-4562-8092-8931C4671CD6}.Release|Any CPU.ActiveCfg = Release|Any CPU
		{F523108E-670D-4562-8092-8931C4671CD6}.Release|Any CPU.Build.0 = Release|Any CPU
	EndGlobalSection
	GlobalSection(SolutionProperties) = preSolution
		HideSolutionNode = FALSE
	EndGlobalSection
	GlobalSection(ExtensibilityGlobals) = postSolution
		SolutionGuid = {7A391BA2-F69B-4333-8EAD-AECB97694EAA}
	EndGlobalSection
EndGlobal
