
Microsoft Visual Studio Solution File, Format Version 12.00
# Visual Studio 15
VisualStudioVersion = 15.0.28307.1525
MinimumVisualStudioVersion = 10.0.40219.1
Project("{FAE04EC0-301F-11D3-BF4B-00C04F79EFBC}") = "This", "This\This.csproj", "{7C8A6012-8971-4BDA-85A1-EB97FBD8EFE6}"
EndProject
Global
	GlobalSection(SolutionConfigurationPlatforms) = preSolution
		Debug|Any CPU = Debug|Any CPU
		Release|Any CPU = Release|Any CPU
	EndGlobalSection
	GlobalSection(ProjectConfigurationPlatforms) = postSolution
		{7C8A6012-8971-4BDA-85A1-EB97FBD8EFE6}.Debug|Any CPU.ActiveCfg = Debug|Any CPU
		{7C8A6012-8971-4BDA-85A1-EB97FBD8EFE6}.Debug|Any CPU.Build.0 = Debug|Any CPU
		{7C8A6012-8971-4BDA-85A1-EB97FBD8EFE6}.Release|Any CPU.ActiveCfg = Release|Any CPU
		{7C8A6012-8971-4BDA-85A1-EB97FBD8EFE6}.Release|Any CPU.Build.0 = Release|Any CPU
	EndGlobalSection
	GlobalSection(SolutionProperties) = preSolution
		HideSolutionNode = FALSE
	EndGlobalSection
	GlobalSection(ExtensibilityGlobals) = postSolution
		SolutionGuid = {BB3AC61E-779D-4BDE-BF33-D1817DEDEF9A}
	EndGlobalSection
EndGlobal
