
Microsoft Visual Studio Solution File, Format Version 12.00
# Visual Studio 15
VisualStudioVersion = 15.0.28307.1000
MinimumVisualStudioVersion = 10.0.40219.1
Project("{FAE04EC0-301F-11D3-BF4B-00C04F79EFBC}") = "Estrutura_condicional", "Estrutura_condicional\Estrutura_condicional.csproj", "{3BDE9C6A-3491-41D7-A23E-3B015B501E99}"
EndProject
Global
	GlobalSection(SolutionConfigurationPlatforms) = preSolution
		Debug|Any CPU = Debug|Any CPU
		Release|Any CPU = Release|Any CPU
	EndGlobalSection
	GlobalSection(ProjectConfigurationPlatforms) = postSolution
		{3BDE9C6A-3491-41D7-A23E-3B015B501E99}.Debug|Any CPU.ActiveCfg = Debug|Any CPU
		{3BDE9C6A-3491-41D7-A23E-3B015B501E99}.Debug|Any CPU.Build.0 = Debug|Any CPU
		{3BDE9C6A-3491-41D7-A23E-3B015B501E99}.Release|Any CPU.ActiveCfg = Release|Any CPU
		{3BDE9C6A-3491-41D7-A23E-3B015B501E99}.Release|Any CPU.Build.0 = Release|Any CPU
	EndGlobalSection
	GlobalSection(SolutionProperties) = preSolution
		HideSolutionNode = FALSE
	EndGlobalSection
	GlobalSection(ExtensibilityGlobals) = postSolution
		SolutionGuid = {2402206C-DCCF-4833-9B92-65D1BEA4666F}
	EndGlobalSection
EndGlobal
