
Microsoft Visual Studio Solution File, Format Version 12.00
# Visual Studio Version 16
VisualStudioVersion = 16.0.31205.134
MinimumVisualStudioVersion = 10.0.40219.1
Project("{FAE04EC0-301F-11D3-BF4B-00C04F79EFBC}") = "Course1", "Course1\Course1.csproj", "{F6073ECC-1103-4C24-8882-8C7AD8952012}"
EndProject
Global
	GlobalSection(SolutionConfigurationPlatforms) = preSolution
		Debug|Any CPU = Debug|Any CPU
		Release|Any CPU = Release|Any CPU
	EndGlobalSection
	GlobalSection(ProjectConfigurationPlatforms) = postSolution
		{F6073ECC-1103-4C24-8882-8C7AD8952012}.Debug|Any CPU.ActiveCfg = Debug|Any CPU
		{F6073ECC-1103-4C24-8882-8C7AD8952012}.Debug|Any CPU.Build.0 = Debug|Any CPU
		{F6073ECC-1103-4C24-8882-8C7AD8952012}.Release|Any CPU.ActiveCfg = Release|Any CPU
		{F6073ECC-1103-4C24-8882-8C7AD8952012}.Release|Any CPU.Build.0 = Release|Any CPU
	EndGlobalSection
	GlobalSection(SolutionProperties) = preSolution
		HideSolutionNode = FALSE
	EndGlobalSection
	GlobalSection(ExtensibilityGlobals) = postSolution
		SolutionGuid = {C56EC4A4-31AB-41C5-BC0A-100DCE167AE2}
	EndGlobalSection
EndGlobal
