
Microsoft Visual Studio Solution File, Format Version 12.00
# Visual Studio 15
VisualStudioVersion = 15.0.28307.1525
MinimumVisualStudioVersion = 10.0.40219.1
Project("{FAE04EC0-301F-11D3-BF4B-00C04F79EFBC}") = "Triangulo_ComOrientacaoObj", "Triangulo_ComOrientacaoObj\Triangulo_ComOrientacaoObj.csproj", "{F187524E-41D9-4A0C-AFE2-678931C19656}"
EndProject
Global
	GlobalSection(SolutionConfigurationPlatforms) = preSolution
		Debug|Any CPU = Debug|Any CPU
		Release|Any CPU = Release|Any CPU
	EndGlobalSection
	GlobalSection(ProjectConfigurationPlatforms) = postSolution
		{F187524E-41D9-4A0C-AFE2-678931C19656}.Debug|Any CPU.ActiveCfg = Debug|Any CPU
		{F187524E-41D9-4A0C-AFE2-678931C19656}.Debug|Any CPU.Build.0 = Debug|Any CPU
		{F187524E-41D9-4A0C-AFE2-678931C19656}.Release|Any CPU.ActiveCfg = Release|Any CPU
		{F187524E-41D9-4A0C-AFE2-678931C19656}.Release|Any CPU.Build.0 = Release|Any CPU
	EndGlobalSection
	GlobalSection(SolutionProperties) = preSolution
		HideSolutionNode = FALSE
	EndGlobalSection
	GlobalSection(ExtensibilityGlobals) = postSolution
		SolutionGuid = {328DF5AA-121C-4C0F-A39E-BF373A10B6E9}
	EndGlobalSection
EndGlobal
