
Microsoft Visual Studio Solution File, Format Version 12.00
# Visual Studio 15
VisualStudioVersion = 15.0.28307.1525
MinimumVisualStudioVersion = 10.0.40219.1
Project("{FAE04EC0-301F-11D3-BF4B-00C04F79EFBC}") = "ComposicaoDeObjeto", "ComposicaoDeObjeto\ComposicaoDeObjeto.csproj", "{206F9C9F-410E-481C-8888-41F6543F4606}"
EndProject
Global
	GlobalSection(SolutionConfigurationPlatforms) = preSolution
		Debug|Any CPU = Debug|Any CPU
		Release|Any CPU = Release|Any CPU
	EndGlobalSection
	GlobalSection(ProjectConfigurationPlatforms) = postSolution
		{206F9C9F-410E-481C-8888-41F6543F4606}.Debug|Any CPU.ActiveCfg = Debug|Any CPU
		{206F9C9F-410E-481C-8888-41F6543F4606}.Debug|Any CPU.Build.0 = Debug|Any CPU
		{206F9C9F-410E-481C-8888-41F6543F4606}.Release|Any CPU.ActiveCfg = Release|Any CPU
		{206F9C9F-410E-481C-8888-41F6543F4606}.Release|Any CPU.Build.0 = Release|Any CPU
	EndGlobalSection
	GlobalSection(SolutionProperties) = preSolution
		HideSolutionNode = FALSE
	EndGlobalSection
	GlobalSection(ExtensibilityGlobals) = postSolution
		SolutionGuid = {00A3CCF2-BDE8-46D1-8CB8-C3645D6C6F49}
	EndGlobalSection
EndGlobal
