
Microsoft Visual Studio Solution File, Format Version 12.00
# Visual Studio 15
VisualStudioVersion = 15.0.28307.1525
MinimumVisualStudioVersion = 10.0.40219.1
Project("{FAE04EC0-301F-11D3-BF4B-00C04F79EFBC}") = "ExercPolimorfismo", "ExercPolimorfismo\ExercPolimorfismo.csproj", "{136C06A7-8A2C-4075-8C55-5818B45DA923}"
EndProject
Global
	GlobalSection(SolutionConfigurationPlatforms) = preSolution
		Debug|Any CPU = Debug|Any CPU
		Release|Any CPU = Release|Any CPU
	EndGlobalSection
	GlobalSection(ProjectConfigurationPlatforms) = postSolution
		{136C06A7-8A2C-4075-8C55-5818B45DA923}.Debug|Any CPU.ActiveCfg = Debug|Any CPU
		{136C06A7-8A2C-4075-8C55-5818B45DA923}.Debug|Any CPU.Build.0 = Debug|Any CPU
		{136C06A7-8A2C-4075-8C55-5818B45DA923}.Release|Any CPU.ActiveCfg = Release|Any CPU
		{136C06A7-8A2C-4075-8C55-5818B45DA923}.Release|Any CPU.Build.0 = Release|Any CPU
	EndGlobalSection
	GlobalSection(SolutionProperties) = preSolution
		HideSolutionNode = FALSE
	EndGlobalSection
	GlobalSection(ExtensibilityGlobals) = postSolution
		SolutionGuid = {D052A015-7D82-4167-AB76-70432E373065}
	EndGlobalSection
EndGlobal
